
Microsoft Visual Studio Solution File, Format Version 12.00
# Visual Studio 15
VisualStudioVersion = 15.0.27625.0
MinimumVisualStudioVersion = 10.0.40219.1
Project("{FAE04EC0-301F-11D3-BF4B-00C04F79EFBC}") = "StocksBot", "StocksBot\StocksBot.csproj", "{91893E34-986C-4399-BF4E-EA1218FF9302}"
EndProject
Project("{E53339B2-1760-4266-BCC7-CA923CBCF16C}") = "docker-compose", "docker-compose.dcproj", "{2EEDAA34-5778-49AA-BD1C-41C6D354C1FA}"
EndProject
Global
	GlobalSection(SolutionConfigurationPlatforms) = preSolution
		Debug|Any CPU = Debug|Any CPU
		Release|Any CPU = Release|Any CPU
	EndGlobalSection
	GlobalSection(ProjectConfigurationPlatforms) = postSolution
		{91893E34-986C-4399-BF4E-EA1218FF9302}.Debug|Any CPU.ActiveCfg = Debug|Any CPU
		{91893E34-986C-4399-BF4E-EA1218FF9302}.Debug|Any CPU.Build.0 = Debug|Any CPU
		{91893E34-986C-4399-BF4E-EA1218FF9302}.Release|Any CPU.ActiveCfg = Release|Any CPU
		{91893E34-986C-4399-BF4E-EA1218FF9302}.Release|Any CPU.Build.0 = Release|Any CPU
		{2EEDAA34-5778-49AA-BD1C-41C6D354C1FA}.Debug|Any CPU.ActiveCfg = Debug|Any CPU
		{2EEDAA34-5778-49AA-BD1C-41C6D354C1FA}.Debug|Any CPU.Build.0 = Debug|Any CPU
		{2EEDAA34-5778-49AA-BD1C-41C6D354C1FA}.Release|Any CPU.ActiveCfg = Release|Any CPU
		{2EEDAA34-5778-49AA-BD1C-41C6D354C1FA}.Release|Any CPU.Build.0 = Release|Any CPU
	EndGlobalSection
	GlobalSection(SolutionProperties) = preSolution
		HideSolutionNode = FALSE
	EndGlobalSection
	GlobalSection(ExtensibilityGlobals) = postSolution
		SolutionGuid = {3345A56D-B32C-4912-A7EA-EB73B090DDE1}
	EndGlobalSection
EndGlobal
